
Microsoft Visual Studio Solution File, Format Version 12.00
# Visual Studio Version 17
VisualStudioVersion = 17.11.35303.130
MinimumVisualStudioVersion = 10.0.40219.1
Project("{FAE04EC0-301F-11D3-BF4B-00C04F79EFBC}") = "samtest-pipe-framework", "samtest-pipe-framework.csproj", "{0A7CFC90-B480-42C0-A0FD-1A3959E7F66C}"
EndProject
Global
	GlobalSection(SolutionConfigurationPlatforms) = preSolution
		Debug|Any CPU = Debug|Any CPU
		Release|Any CPU = Release|Any CPU
	EndGlobalSection
	GlobalSection(ProjectConfigurationPlatforms) = postSolution
		{0A7CFC90-B480-42C0-A0FD-1A3959E7F66C}.Debug|Any CPU.ActiveCfg = Debug|Any CPU
		{0A7CFC90-B480-42C0-A0FD-1A3959E7F66C}.Debug|Any CPU.Build.0 = Debug|Any CPU
		{0A7CFC90-B480-42C0-A0FD-1A3959E7F66C}.Release|Any CPU.ActiveCfg = Release|Any CPU
		{0A7CFC90-B480-42C0-A0FD-1A3959E7F66C}.Release|Any CPU.Build.0 = Release|Any CPU
	EndGlobalSection
	GlobalSection(SolutionProperties) = preSolution
		HideSolutionNode = FALSE
	EndGlobalSection
	GlobalSection(ExtensibilityGlobals) = postSolution
		SolutionGuid = {25F68621-88AD-4834-8A3D-68BB1BDC56E8}
	EndGlobalSection
EndGlobal
